
Microsoft Visual Studio Solution File, Format Version 12.00
# Visual Studio Version 17
VisualStudioVersion = 17.8.34511.84
MinimumVisualStudioVersion = 10.0.40219.1
Project("{FAE04EC0-301F-11D3-BF4B-00C04F79EFBC}") = "Book.Web", "Book.Web\Book.Web.csproj", "{9EB3DC47-ADF3-43A6-9D30-14D43EDB52A6}"
EndProject
Global
	GlobalSection(SolutionConfigurationPlatforms) = preSolution
		Debug|Any CPU = Debug|Any CPU
		Release|Any CPU = Release|Any CPU
	EndGlobalSection
	GlobalSection(ProjectConfigurationPlatforms) = postSolution
		{9EB3DC47-ADF3-43A6-9D30-14D43EDB52A6}.Debug|Any CPU.ActiveCfg = Debug|Any CPU
		{9EB3DC47-ADF3-43A6-9D30-14D43EDB52A6}.Debug|Any CPU.Build.0 = Debug|Any CPU
		{9EB3DC47-ADF3-43A6-9D30-14D43EDB52A6}.Release|Any CPU.ActiveCfg = Release|Any CPU
		{9EB3DC47-ADF3-43A6-9D30-14D43EDB52A6}.Release|Any CPU.Build.0 = Release|Any CPU
	EndGlobalSection
	GlobalSection(SolutionProperties) = preSolution
		HideSolutionNode = FALSE
	EndGlobalSection
	GlobalSection(ExtensibilityGlobals) = postSolution
		SolutionGuid = {F0E1970E-A6ED-46C6-B80C-DA59156F6EBC}
	EndGlobalSection
EndGlobal
